
Microsoft Visual Studio Solution File, Format Version 12.00
# Visual Studio Version 17
VisualStudioVersion = 17.2.32516.85
MinimumVisualStudioVersion = 10.0.40219.1
Project("{FAE04EC0-301F-11D3-BF4B-00C04F79EFBC}") = "Butterfly.UnitTests", "Butterfly.UnitTests\Butterfly.UnitTests.csproj", "{D251AA3A-3B93-4885-8C39-5D0130129F02}"
EndProject
Project("{9A19103F-16F7-4668-BE54-9A1E7A4F7556}") = "Butterfly.Services", "Butterfly.Services\Butterfly.Services.csproj", "{5ADFFF24-31E1-4052-9EFE-A1F7E6F7F7BC}"
EndProject
Global
	GlobalSection(SolutionConfigurationPlatforms) = preSolution
		Debug|Any CPU = Debug|Any CPU
		Release|Any CPU = Release|Any CPU
	EndGlobalSection
	GlobalSection(ProjectConfigurationPlatforms) = postSolution
		{D251AA3A-3B93-4885-8C39-5D0130129F02}.Debug|Any CPU.ActiveCfg = Debug|Any CPU
		{D251AA3A-3B93-4885-8C39-5D0130129F02}.Debug|Any CPU.Build.0 = Debug|Any CPU
		{D251AA3A-3B93-4885-8C39-5D0130129F02}.Release|Any CPU.ActiveCfg = Release|Any CPU
		{D251AA3A-3B93-4885-8C39-5D0130129F02}.Release|Any CPU.Build.0 = Release|Any CPU
		{5ADFFF24-31E1-4052-9EFE-A1F7E6F7F7BC}.Debug|Any CPU.ActiveCfg = Debug|Any CPU
		{5ADFFF24-31E1-4052-9EFE-A1F7E6F7F7BC}.Debug|Any CPU.Build.0 = Debug|Any CPU
		{5ADFFF24-31E1-4052-9EFE-A1F7E6F7F7BC}.Release|Any CPU.ActiveCfg = Release|Any CPU
		{5ADFFF24-31E1-4052-9EFE-A1F7E6F7F7BC}.Release|Any CPU.Build.0 = Release|Any CPU
	EndGlobalSection
	GlobalSection(SolutionProperties) = preSolution
		HideSolutionNode = FALSE
	EndGlobalSection
	GlobalSection(ExtensibilityGlobals) = postSolution
		SolutionGuid = {F0E5E8FF-FC5D-4B6E-A083-69B46990CFBB}
	EndGlobalSection
EndGlobal
